
Microsoft Visual Studio Solution File, Format Version 12.00
# Visual Studio Version 17
VisualStudioVersion = 17.13.35818.85 d17.13
MinimumVisualStudioVersion = 10.0.40219.1
Project("{FAE04EC0-301F-11D3-BF4B-00C04F79EFBC}") = "ETL-CSV-DATALOADER", "ETL-CSV-DATALOADER\ETL-CSV-DATALOADER.csproj", "{E13CE111-ACC0-4158-ACCF-1F4945CB4412}"
EndProject
Project("{FAE04EC0-301F-11D3-BF4B-00C04F79EFBC}") = "ETL-CSV-DATALOADER.Tests", "ETL-CSV-DATALOADER.Tests\ETL-CSV-DATALOADER.Tests.csproj", "{3F204BCC-945B-41E5-B22F-027A01B9C249}"
EndProject
Project("{2150E333-8FDC-42A3-9474-1A3956D46DE8}") = "Solution Items", "Solution Items", "{8EC462FD-D22E-90A8-E5CE-7E832BA40C5D}"
	ProjectSection(SolutionItems) = preProject
		README.md = README.md
	EndProjectSection
EndProject
Global
	GlobalSection(SolutionConfigurationPlatforms) = preSolution
		Debug|Any CPU = Debug|Any CPU
		Release|Any CPU = Release|Any CPU
	EndGlobalSection
	GlobalSection(ProjectConfigurationPlatforms) = postSolution
		{E13CE111-ACC0-4158-ACCF-1F4945CB4412}.Debug|Any CPU.ActiveCfg = Debug|Any CPU
		{E13CE111-ACC0-4158-ACCF-1F4945CB4412}.Debug|Any CPU.Build.0 = Debug|Any CPU
		{E13CE111-ACC0-4158-ACCF-1F4945CB4412}.Release|Any CPU.ActiveCfg = Release|Any CPU
		{E13CE111-ACC0-4158-ACCF-1F4945CB4412}.Release|Any CPU.Build.0 = Release|Any CPU
		{3F204BCC-945B-41E5-B22F-027A01B9C249}.Debug|Any CPU.ActiveCfg = Debug|Any CPU
		{3F204BCC-945B-41E5-B22F-027A01B9C249}.Debug|Any CPU.Build.0 = Debug|Any CPU
		{3F204BCC-945B-41E5-B22F-027A01B9C249}.Release|Any CPU.ActiveCfg = Release|Any CPU
		{3F204BCC-945B-41E5-B22F-027A01B9C249}.Release|Any CPU.Build.0 = Release|Any CPU
	EndGlobalSection
	GlobalSection(SolutionProperties) = preSolution
		HideSolutionNode = FALSE
	EndGlobalSection
	GlobalSection(ExtensibilityGlobals) = postSolution
		SolutionGuid = {26B09122-0CAD-4D7F-8E48-8DC1093DEC9C}
	EndGlobalSection
EndGlobal
